
Microsoft Visual Studio Solution File, Format Version 12.00
# Visual Studio Version 16
VisualStudioVersion = 16.0.32413.511
MinimumVisualStudioVersion = 10.0.40219.1
Project("{FAE04EC0-301F-11D3-BF4B-00C04F79EFBC}") = "IntroOrientacaoObjeto", "IntroOrientacaoObjeto.csproj", "{2B598A12-469C-43E4-A580-DABD3AFCE0EA}"
EndProject
Global
	GlobalSection(SolutionConfigurationPlatforms) = preSolution
		Debug|Any CPU = Debug|Any CPU
		Release|Any CPU = Release|Any CPU
	EndGlobalSection
	GlobalSection(ProjectConfigurationPlatforms) = postSolution
		{2B598A12-469C-43E4-A580-DABD3AFCE0EA}.Debug|Any CPU.ActiveCfg = Debug|Any CPU
		{2B598A12-469C-43E4-A580-DABD3AFCE0EA}.Debug|Any CPU.Build.0 = Debug|Any CPU
		{2B598A12-469C-43E4-A580-DABD3AFCE0EA}.Release|Any CPU.ActiveCfg = Release|Any CPU
		{2B598A12-469C-43E4-A580-DABD3AFCE0EA}.Release|Any CPU.Build.0 = Release|Any CPU
	EndGlobalSection
	GlobalSection(SolutionProperties) = preSolution
		HideSolutionNode = FALSE
	EndGlobalSection
	GlobalSection(ExtensibilityGlobals) = postSolution
		SolutionGuid = {480B838E-D8ED-44F6-8FD2-7E82B1A16A51}
	EndGlobalSection
EndGlobal
