
Microsoft Visual Studio Solution File, Format Version 12.00
# Visual Studio Version 16
VisualStudioVersion = 16.0.32413.511
MinimumVisualStudioVersion = 10.0.40219.1
Project("{FAE04EC0-301F-11D3-BF4B-00C04F79EFBC}") = "CadastroSimplesjson", "CadastroSimplesjson\CadastroSimplesjson.csproj", "{1ED0D35F-254C-442B-9A60-C5175C6FCE73}"
EndProject
Global
	GlobalSection(SolutionConfigurationPlatforms) = preSolution
		Debug|Any CPU = Debug|Any CPU
		Release|Any CPU = Release|Any CPU
	EndGlobalSection
	GlobalSection(ProjectConfigurationPlatforms) = postSolution
		{1ED0D35F-254C-442B-9A60-C5175C6FCE73}.Debug|Any CPU.ActiveCfg = Debug|Any CPU
		{1ED0D35F-254C-442B-9A60-C5175C6FCE73}.Debug|Any CPU.Build.0 = Debug|Any CPU
		{1ED0D35F-254C-442B-9A60-C5175C6FCE73}.Release|Any CPU.ActiveCfg = Release|Any CPU
		{1ED0D35F-254C-442B-9A60-C5175C6FCE73}.Release|Any CPU.Build.0 = Release|Any CPU
	EndGlobalSection
	GlobalSection(SolutionProperties) = preSolution
		HideSolutionNode = FALSE
	EndGlobalSection
	GlobalSection(ExtensibilityGlobals) = postSolution
		SolutionGuid = {036DEEB3-A96C-4F80-8DE3-DCB0ED33DC47}
	EndGlobalSection
EndGlobal
