
Microsoft Visual Studio Solution File, Format Version 12.00
# Visual Studio Version 16
VisualStudioVersion = 16.0.32413.511
MinimumVisualStudioVersion = 10.0.40219.1
Project("{FAE04EC0-301F-11D3-BF4B-00C04F79EFBC}") = "DadosVeiculo", "DadosVeiculo.csproj", "{BB6B6E19-C19F-47D3-8955-3D34A8750273}"
EndProject
Global
	GlobalSection(SolutionConfigurationPlatforms) = preSolution
		Debug|Any CPU = Debug|Any CPU
		Release|Any CPU = Release|Any CPU
	EndGlobalSection
	GlobalSection(ProjectConfigurationPlatforms) = postSolution
		{BB6B6E19-C19F-47D3-8955-3D34A8750273}.Debug|Any CPU.ActiveCfg = Debug|Any CPU
		{BB6B6E19-C19F-47D3-8955-3D34A8750273}.Debug|Any CPU.Build.0 = Debug|Any CPU
		{BB6B6E19-C19F-47D3-8955-3D34A8750273}.Release|Any CPU.ActiveCfg = Release|Any CPU
		{BB6B6E19-C19F-47D3-8955-3D34A8750273}.Release|Any CPU.Build.0 = Release|Any CPU
	EndGlobalSection
	GlobalSection(SolutionProperties) = preSolution
		HideSolutionNode = FALSE
	EndGlobalSection
	GlobalSection(ExtensibilityGlobals) = postSolution
		SolutionGuid = {25AF64B7-8F8E-42E6-8922-C3DB91530A45}
	EndGlobalSection
EndGlobal
