
Microsoft Visual Studio Solution File, Format Version 12.00
# Visual Studio Version 16
VisualStudioVersion = 16.0.32413.511
MinimumVisualStudioVersion = 10.0.40219.1
Project("{FAE04EC0-301F-11D3-BF4B-00C04F79EFBC}") = "Exerc02POO", "Exerc02POO.csproj", "{673C79DB-8140-48A4-905C-81462E136D94}"
EndProject
Global
	GlobalSection(SolutionConfigurationPlatforms) = preSolution
		Debug|Any CPU = Debug|Any CPU
		Release|Any CPU = Release|Any CPU
	EndGlobalSection
	GlobalSection(ProjectConfigurationPlatforms) = postSolution
		{673C79DB-8140-48A4-905C-81462E136D94}.Debug|Any CPU.ActiveCfg = Debug|Any CPU
		{673C79DB-8140-48A4-905C-81462E136D94}.Debug|Any CPU.Build.0 = Debug|Any CPU
		{673C79DB-8140-48A4-905C-81462E136D94}.Release|Any CPU.ActiveCfg = Release|Any CPU
		{673C79DB-8140-48A4-905C-81462E136D94}.Release|Any CPU.Build.0 = Release|Any CPU
	EndGlobalSection
	GlobalSection(SolutionProperties) = preSolution
		HideSolutionNode = FALSE
	EndGlobalSection
	GlobalSection(ExtensibilityGlobals) = postSolution
		SolutionGuid = {66B8A96D-496F-4958-BD08-EC953275BA62}
	EndGlobalSection
EndGlobal
