
Microsoft Visual Studio Solution File, Format Version 12.00
# Visual Studio Version 16
VisualStudioVersion = 16.0.32413.511
MinimumVisualStudioVersion = 10.0.40219.1
Project("{FAE04EC0-301F-11D3-BF4B-00C04F79EFBC}") = "CotacaoDolar", "CotacaoDolar.csproj", "{DBAA729B-005A-473B-9CB8-74814F835A30}"
EndProject
Global
	GlobalSection(SolutionConfigurationPlatforms) = preSolution
		Debug|Any CPU = Debug|Any CPU
		Release|Any CPU = Release|Any CPU
	EndGlobalSection
	GlobalSection(ProjectConfigurationPlatforms) = postSolution
		{DBAA729B-005A-473B-9CB8-74814F835A30}.Debug|Any CPU.ActiveCfg = Debug|Any CPU
		{DBAA729B-005A-473B-9CB8-74814F835A30}.Debug|Any CPU.Build.0 = Debug|Any CPU
		{DBAA729B-005A-473B-9CB8-74814F835A30}.Release|Any CPU.ActiveCfg = Release|Any CPU
		{DBAA729B-005A-473B-9CB8-74814F835A30}.Release|Any CPU.Build.0 = Release|Any CPU
	EndGlobalSection
	GlobalSection(SolutionProperties) = preSolution
		HideSolutionNode = FALSE
	EndGlobalSection
	GlobalSection(ExtensibilityGlobals) = postSolution
		SolutionGuid = {00621311-21CB-4B66-9E2B-C391DAB0E79B}
	EndGlobalSection
EndGlobal
