
Microsoft Visual Studio Solution File, Format Version 12.00
# Visual Studio Version 16
VisualStudioVersion = 16.0.32413.511
MinimumVisualStudioVersion = 10.0.40219.1
Project("{FAE04EC0-301F-11D3-BF4B-00C04F79EFBC}") = "Enums_12_05_2022", "Enums_12_05_2022.csproj", "{122DC6FF-484E-4ADF-A4AA-01994FD3D94B}"
EndProject
Global
	GlobalSection(SolutionConfigurationPlatforms) = preSolution
		Debug|Any CPU = Debug|Any CPU
		Release|Any CPU = Release|Any CPU
	EndGlobalSection
	GlobalSection(ProjectConfigurationPlatforms) = postSolution
		{122DC6FF-484E-4ADF-A4AA-01994FD3D94B}.Debug|Any CPU.ActiveCfg = Debug|Any CPU
		{122DC6FF-484E-4ADF-A4AA-01994FD3D94B}.Debug|Any CPU.Build.0 = Debug|Any CPU
		{122DC6FF-484E-4ADF-A4AA-01994FD3D94B}.Release|Any CPU.ActiveCfg = Release|Any CPU
		{122DC6FF-484E-4ADF-A4AA-01994FD3D94B}.Release|Any CPU.Build.0 = Release|Any CPU
	EndGlobalSection
	GlobalSection(SolutionProperties) = preSolution
		HideSolutionNode = FALSE
	EndGlobalSection
	GlobalSection(ExtensibilityGlobals) = postSolution
		SolutionGuid = {110542BE-DBA3-40A2-9C77-459A574F3860}
	EndGlobalSection
EndGlobal
