
Microsoft Visual Studio Solution File, Format Version 12.00
# Visual Studio Version 16
VisualStudioVersion = 16.0.32413.511
MinimumVisualStudioVersion = 10.0.40219.1
Project("{FAE04EC0-301F-11D3-BF4B-00C04F79EFBC}") = "AtividadeAulaAssíncrona24-06-2022", "AtividadeAulaAssíncrona24-06-2022\AtividadeAulaAssíncrona24-06-2022.csproj", "{8F89A94E-8CC4-4AE0-9AED-0EC49A2124FD}"
EndProject
Global
	GlobalSection(SolutionConfigurationPlatforms) = preSolution
		Debug|Any CPU = Debug|Any CPU
		Release|Any CPU = Release|Any CPU
	EndGlobalSection
	GlobalSection(ProjectConfigurationPlatforms) = postSolution
		{8F89A94E-8CC4-4AE0-9AED-0EC49A2124FD}.Debug|Any CPU.ActiveCfg = Debug|Any CPU
		{8F89A94E-8CC4-4AE0-9AED-0EC49A2124FD}.Debug|Any CPU.Build.0 = Debug|Any CPU
		{8F89A94E-8CC4-4AE0-9AED-0EC49A2124FD}.Release|Any CPU.ActiveCfg = Release|Any CPU
		{8F89A94E-8CC4-4AE0-9AED-0EC49A2124FD}.Release|Any CPU.Build.0 = Release|Any CPU
	EndGlobalSection
	GlobalSection(SolutionProperties) = preSolution
		HideSolutionNode = FALSE
	EndGlobalSection
	GlobalSection(ExtensibilityGlobals) = postSolution
		SolutionGuid = {BE81CE98-D334-4F20-8B0C-471A48B3F016}
	EndGlobalSection
EndGlobal
