
Microsoft Visual Studio Solution File, Format Version 12.00
# Visual Studio Version 16
VisualStudioVersion = 16.0.32413.511
MinimumVisualStudioVersion = 10.0.40219.1
Project("{FAE04EC0-301F-11D3-BF4B-00C04F79EFBC}") = "PrimeiroWebService", "PrimeiroWebService\PrimeiroWebService.csproj", "{B4020CF8-2657-4C2C-B3B2-9D08986E4E5E}"
EndProject
Global
	GlobalSection(SolutionConfigurationPlatforms) = preSolution
		Debug|Any CPU = Debug|Any CPU
		Release|Any CPU = Release|Any CPU
	EndGlobalSection
	GlobalSection(ProjectConfigurationPlatforms) = postSolution
		{B4020CF8-2657-4C2C-B3B2-9D08986E4E5E}.Debug|Any CPU.ActiveCfg = Debug|Any CPU
		{B4020CF8-2657-4C2C-B3B2-9D08986E4E5E}.Debug|Any CPU.Build.0 = Debug|Any CPU
		{B4020CF8-2657-4C2C-B3B2-9D08986E4E5E}.Release|Any CPU.ActiveCfg = Release|Any CPU
		{B4020CF8-2657-4C2C-B3B2-9D08986E4E5E}.Release|Any CPU.Build.0 = Release|Any CPU
	EndGlobalSection
	GlobalSection(SolutionProperties) = preSolution
		HideSolutionNode = FALSE
	EndGlobalSection
	GlobalSection(ExtensibilityGlobals) = postSolution
		SolutionGuid = {430846F0-9BEA-4C58-B264-F712176B83E0}
	EndGlobalSection
EndGlobal
