
Microsoft Visual Studio Solution File, Format Version 12.00
# Visual Studio Version 16
VisualStudioVersion = 16.0.32413.511
MinimumVisualStudioVersion = 10.0.40219.1
Project("{FAE04EC0-301F-11D3-BF4B-00C04F79EFBC}") = "CrudEF", "CrudEF\CrudEF.csproj", "{1C1825DD-8150-41DE-B9EC-1A768CAA1B7A}"
EndProject
Global
	GlobalSection(SolutionConfigurationPlatforms) = preSolution
		Debug|Any CPU = Debug|Any CPU
		Release|Any CPU = Release|Any CPU
	EndGlobalSection
	GlobalSection(ProjectConfigurationPlatforms) = postSolution
		{1C1825DD-8150-41DE-B9EC-1A768CAA1B7A}.Debug|Any CPU.ActiveCfg = Debug|Any CPU
		{1C1825DD-8150-41DE-B9EC-1A768CAA1B7A}.Debug|Any CPU.Build.0 = Debug|Any CPU
		{1C1825DD-8150-41DE-B9EC-1A768CAA1B7A}.Release|Any CPU.ActiveCfg = Release|Any CPU
		{1C1825DD-8150-41DE-B9EC-1A768CAA1B7A}.Release|Any CPU.Build.0 = Release|Any CPU
	EndGlobalSection
	GlobalSection(SolutionProperties) = preSolution
		HideSolutionNode = FALSE
	EndGlobalSection
	GlobalSection(ExtensibilityGlobals) = postSolution
		SolutionGuid = {51CA1F5B-A639-49A5-8FC9-9BEE3F59AC66}
	EndGlobalSection
EndGlobal
