
Microsoft Visual Studio Solution File, Format Version 12.00
# Visual Studio Version 16
VisualStudioVersion = 16.0.32413.511
MinimumVisualStudioVersion = 10.0.40219.1
Project("{FAE04EC0-301F-11D3-BF4B-00C04F79EFBC}") = "Exerc03POO", "Exerc03POO.csproj", "{1B0150DD-FA58-4704-B7C3-385A632B0857}"
EndProject
Global
	GlobalSection(SolutionConfigurationPlatforms) = preSolution
		Debug|Any CPU = Debug|Any CPU
		Release|Any CPU = Release|Any CPU
	EndGlobalSection
	GlobalSection(ProjectConfigurationPlatforms) = postSolution
		{1B0150DD-FA58-4704-B7C3-385A632B0857}.Debug|Any CPU.ActiveCfg = Debug|Any CPU
		{1B0150DD-FA58-4704-B7C3-385A632B0857}.Debug|Any CPU.Build.0 = Debug|Any CPU
		{1B0150DD-FA58-4704-B7C3-385A632B0857}.Release|Any CPU.ActiveCfg = Release|Any CPU
		{1B0150DD-FA58-4704-B7C3-385A632B0857}.Release|Any CPU.Build.0 = Release|Any CPU
	EndGlobalSection
	GlobalSection(SolutionProperties) = preSolution
		HideSolutionNode = FALSE
	EndGlobalSection
	GlobalSection(ExtensibilityGlobals) = postSolution
		SolutionGuid = {EC5A0E5C-A76E-4061-83D2-616D7BC29098}
	EndGlobalSection
EndGlobal
