
Microsoft Visual Studio Solution File, Format Version 12.00
# Visual Studio Version 16
VisualStudioVersion = 16.0.32413.511
MinimumVisualStudioVersion = 10.0.40219.1
Project("{FAE04EC0-301F-11D3-BF4B-00C04F79EFBC}") = "TrabalharComArquivos", "TrabalharComArquivos.csproj", "{20F8A8BA-BB7F-44DD-9B15-7817E2C85AA8}"
EndProject
Global
	GlobalSection(SolutionConfigurationPlatforms) = preSolution
		Debug|Any CPU = Debug|Any CPU
		Release|Any CPU = Release|Any CPU
	EndGlobalSection
	GlobalSection(ProjectConfigurationPlatforms) = postSolution
		{20F8A8BA-BB7F-44DD-9B15-7817E2C85AA8}.Debug|Any CPU.ActiveCfg = Debug|Any CPU
		{20F8A8BA-BB7F-44DD-9B15-7817E2C85AA8}.Debug|Any CPU.Build.0 = Debug|Any CPU
		{20F8A8BA-BB7F-44DD-9B15-7817E2C85AA8}.Release|Any CPU.ActiveCfg = Release|Any CPU
		{20F8A8BA-BB7F-44DD-9B15-7817E2C85AA8}.Release|Any CPU.Build.0 = Release|Any CPU
	EndGlobalSection
	GlobalSection(SolutionProperties) = preSolution
		HideSolutionNode = FALSE
	EndGlobalSection
	GlobalSection(ExtensibilityGlobals) = postSolution
		SolutionGuid = {37A8E956-7A7E-4866-9111-A47CC23EB18F}
	EndGlobalSection
EndGlobal
