
Microsoft Visual Studio Solution File, Format Version 12.00
# Visual Studio Version 16
VisualStudioVersion = 16.0.32413.511
MinimumVisualStudioVersion = 10.0.40219.1
Project("{FAE04EC0-301F-11D3-BF4B-00C04F79EFBC}") = "WindowsFormsAssicrona", "WindowsFormsAssicrona\WindowsFormsAssicrona.csproj", "{3EAAEED9-7D8C-4F11-8990-E2A96B367856}"
EndProject
Global
	GlobalSection(SolutionConfigurationPlatforms) = preSolution
		Debug|Any CPU = Debug|Any CPU
		Release|Any CPU = Release|Any CPU
	EndGlobalSection
	GlobalSection(ProjectConfigurationPlatforms) = postSolution
		{3EAAEED9-7D8C-4F11-8990-E2A96B367856}.Debug|Any CPU.ActiveCfg = Debug|Any CPU
		{3EAAEED9-7D8C-4F11-8990-E2A96B367856}.Debug|Any CPU.Build.0 = Debug|Any CPU
		{3EAAEED9-7D8C-4F11-8990-E2A96B367856}.Release|Any CPU.ActiveCfg = Release|Any CPU
		{3EAAEED9-7D8C-4F11-8990-E2A96B367856}.Release|Any CPU.Build.0 = Release|Any CPU
	EndGlobalSection
	GlobalSection(SolutionProperties) = preSolution
		HideSolutionNode = FALSE
	EndGlobalSection
	GlobalSection(ExtensibilityGlobals) = postSolution
		SolutionGuid = {4FB31FEF-3DF7-453F-984E-D1262CF907A9}
	EndGlobalSection
EndGlobal
