
Microsoft Visual Studio Solution File, Format Version 12.00
# Visual Studio Version 16
VisualStudioVersion = 16.0.32413.511
MinimumVisualStudioVersion = 10.0.40219.1
Project("{FAE04EC0-301F-11D3-BF4B-00C04F79EFBC}") = "Exerc01POO", "Exerc01POO.csproj", "{A51DA3D2-1C1D-4E88-88E5-F0D4C9A4054D}"
EndProject
Global
	GlobalSection(SolutionConfigurationPlatforms) = preSolution
		Debug|Any CPU = Debug|Any CPU
		Release|Any CPU = Release|Any CPU
	EndGlobalSection
	GlobalSection(ProjectConfigurationPlatforms) = postSolution
		{A51DA3D2-1C1D-4E88-88E5-F0D4C9A4054D}.Debug|Any CPU.ActiveCfg = Debug|Any CPU
		{A51DA3D2-1C1D-4E88-88E5-F0D4C9A4054D}.Debug|Any CPU.Build.0 = Debug|Any CPU
		{A51DA3D2-1C1D-4E88-88E5-F0D4C9A4054D}.Release|Any CPU.ActiveCfg = Release|Any CPU
		{A51DA3D2-1C1D-4E88-88E5-F0D4C9A4054D}.Release|Any CPU.Build.0 = Release|Any CPU
	EndGlobalSection
	GlobalSection(SolutionProperties) = preSolution
		HideSolutionNode = FALSE
	EndGlobalSection
	GlobalSection(ExtensibilityGlobals) = postSolution
		SolutionGuid = {CE9AEB2C-53AE-4941-AFA2-67C89E0C4358}
	EndGlobalSection
EndGlobal
