
Microsoft Visual Studio Solution File, Format Version 12.00
# Visual Studio Version 16
VisualStudioVersion = 16.0.32413.511
MinimumVisualStudioVersion = 10.0.40219.1
Project("{FAE04EC0-301F-11D3-BF4B-00C04F79EFBC}") = "AtividadeAulaAssincrona 24-06-2022", "AtividadeAulaAssincrona 24-06-2022\AtividadeAulaAssincrona 24-06-2022.csproj", "{4F13F61F-01ED-4DE3-88CA-DCE9971BD519}"
EndProject
Global
	GlobalSection(SolutionConfigurationPlatforms) = preSolution
		Debug|Any CPU = Debug|Any CPU
		Release|Any CPU = Release|Any CPU
	EndGlobalSection
	GlobalSection(ProjectConfigurationPlatforms) = postSolution
		{4F13F61F-01ED-4DE3-88CA-DCE9971BD519}.Debug|Any CPU.ActiveCfg = Debug|Any CPU
		{4F13F61F-01ED-4DE3-88CA-DCE9971BD519}.Debug|Any CPU.Build.0 = Debug|Any CPU
		{4F13F61F-01ED-4DE3-88CA-DCE9971BD519}.Release|Any CPU.ActiveCfg = Release|Any CPU
		{4F13F61F-01ED-4DE3-88CA-DCE9971BD519}.Release|Any CPU.Build.0 = Release|Any CPU
	EndGlobalSection
	GlobalSection(SolutionProperties) = preSolution
		HideSolutionNode = FALSE
	EndGlobalSection
	GlobalSection(ExtensibilityGlobals) = postSolution
		SolutionGuid = {36FBE53A-ECD0-483F-9E04-9CADDF3E5DEB}
	EndGlobalSection
EndGlobal
