
Microsoft Visual Studio Solution File, Format Version 12.00
# Visual Studio Version 16
VisualStudioVersion = 16.0.32413.511
MinimumVisualStudioVersion = 10.0.40219.1
Project("{FAE04EC0-301F-11D3-BF4B-00C04F79EFBC}") = "AtividadedeBanco", "AtividadedeBanco.csproj", "{27D0D06D-DA43-418C-97ED-D33EA261C727}"
EndProject
Global
	GlobalSection(SolutionConfigurationPlatforms) = preSolution
		Debug|Any CPU = Debug|Any CPU
		Release|Any CPU = Release|Any CPU
	EndGlobalSection
	GlobalSection(ProjectConfigurationPlatforms) = postSolution
		{27D0D06D-DA43-418C-97ED-D33EA261C727}.Debug|Any CPU.ActiveCfg = Debug|Any CPU
		{27D0D06D-DA43-418C-97ED-D33EA261C727}.Debug|Any CPU.Build.0 = Debug|Any CPU
		{27D0D06D-DA43-418C-97ED-D33EA261C727}.Release|Any CPU.ActiveCfg = Release|Any CPU
		{27D0D06D-DA43-418C-97ED-D33EA261C727}.Release|Any CPU.Build.0 = Release|Any CPU
	EndGlobalSection
	GlobalSection(SolutionProperties) = preSolution
		HideSolutionNode = FALSE
	EndGlobalSection
	GlobalSection(ExtensibilityGlobals) = postSolution
		SolutionGuid = {DF717C76-6059-459E-97F8-8293CB337A83}
	EndGlobalSection
EndGlobal
